{
  "name": "examples",
  "lockfileVersion": 3,
  "requires": true,
  "packages": {
    "": {
      "dependencies": {
        "@minecraft/debug-utilities": "1.0.0-beta.1.21.50-preview.29",
        "@minecraft/math": "1.4.0",
        "@minecraft/server-admin": "1.0.0-beta.1.21.50-preview.29",
        "@minecraft/server-gametest": "1.0.0-beta.1.21.50-preview.29",
        "@minecraft/server-net": "1.0.0-beta.1.21.50-preview.29",
        "@minecraft/server-ui": "1.4.0-beta.1.21.50-preview.29"
      }
    },
    "node_modules/@minecraft/common": {
      "version": "1.1.0",
      "resolved": "https://registry.npmjs.org/@minecraft/common/-/common-1.1.0.tgz",
      "integrity": "sha512-stbUtINCXbcLNRlGNVX68xRC6ZYq3k3CYmfptwrCcPBEUjVOpVkSj3H4Y0qiSYB+1rVWv7DgiP7Uf9++50Ne5g=="
    },
    "node_modules/@minecraft/debug-utilities": {
      "version": "1.0.0-beta.1.21.50-preview.29",
      "resolved": "https://registry.npmjs.org/@minecraft/debug-utilities/-/debug-utilities-1.0.0-beta.1.21.50-preview.29.tgz",
      "integrity": "sha512-K1mBgFXzijg5KqWKLO3xXDmo+OPRL682mmOikn+SEpSZk5oduwObTOZR6Zx2HgoK1tknVAqjxTXFx3wx9Qkftw==",
      "license": "MIT",
      "dependencies": {
        "@minecraft/common": "^1.0.0"
      }
    },
    "node_modules/@minecraft/math": {
      "version": "1.4.0",
      "resolved": "https://registry.npmjs.org/@minecraft/math/-/math-1.4.0.tgz",
      "integrity": "sha512-syh24zBVPDIh/Xf+XxuPUUp98rvgcrycPjkNDdwcC7yWSLIGjyaBeaw88a2JsW3e8qoVQfjzTMQhRl5dJ01OkQ==",
      "license": "MIT",
      "peerDependencies": {
        "@minecraft/server": "^1.6.0"
      }
    },
    "node_modules/@minecraft/server": {
      "version": "1.17.0-beta.1.21.50-preview.29",
      "resolved": "https://registry.npmjs.org/@minecraft/server/-/server-1.17.0-beta.1.21.50-preview.29.tgz",
      "integrity": "sha512-Vm2cqHGjGqjSi4WPQgLIkeCZruAQi47o1g+7D2/4SWPedm3QtOn/Z7FgMfxL/EjV7gLRw022ete8W+HkHMrGIA==",
      "license": "MIT",
      "dependencies": {
        "@minecraft/common": "^1.1.0"
      },
      "peerDependencies": {
        "@minecraft/vanilla-data": ">=1.20.70"
      }
    },
    "node_modules/@minecraft/server-admin": {
      "version": "1.0.0-beta.1.21.50-preview.29",
      "resolved": "https://registry.npmjs.org/@minecraft/server-admin/-/server-admin-1.0.0-beta.1.21.50-preview.29.tgz",
      "integrity": "sha512-RHzVQpVaDU3aP/5mPp/H2Q+vQeVTaUA0FKNT86wAO6GA+xsSauBuH4nch8/ui5g+rb/kgaAksrzy/cctxBCeMw==",
      "license": "MIT",
      "dependencies": {
        "@minecraft/common": "^1.0.0",
        "@minecraft/server": "^1.0.0"
      }
    },
    "node_modules/@minecraft/server-gametest": {
      "version": "1.0.0-beta.1.21.50-preview.29",
      "resolved": "https://registry.npmjs.org/@minecraft/server-gametest/-/server-gametest-1.0.0-beta.1.21.50-preview.29.tgz",
      "integrity": "sha512-90SXs37lOnKXZI1bMFmhY8Tw4NVkMCYnm/oEkEnBdFqwCC6RuBTBKD1Zzb1pvJBBSwh+JITiVSZVjD7Eg6Z4vg==",
      "license": "MIT",
      "dependencies": {
        "@minecraft/common": "^1.0.0",
        "@minecraft/server": "^1.8.0"
      }
    },
    "node_modules/@minecraft/server-net": {
      "version": "1.0.0-beta.1.21.50-preview.29",
      "resolved": "https://registry.npmjs.org/@minecraft/server-net/-/server-net-1.0.0-beta.1.21.50-preview.29.tgz",
      "integrity": "sha512-H6OC6+v5NzL+FqaZzGMajKlH4MJMKXFZGIrt3jKmtypjZtHF8AwX/wC55gj/79DmnFgyZfVHnaDhVHPrYHrNdQ==",
      "license": "MIT",
      "dependencies": {
        "@minecraft/common": "^1.0.0",
        "@minecraft/server": "^1.0.0",
        "@minecraft/server-admin": "^1.0.0-beta.1.21.50-preview.29"
      }
    },
    "node_modules/@minecraft/server-ui": {
      "version": "1.4.0-beta.1.21.50-preview.29",
      "resolved": "https://registry.npmjs.org/@minecraft/server-ui/-/server-ui-1.4.0-beta.1.21.50-preview.29.tgz",
      "integrity": "sha512-bYdYMCfT2nFYGjCyVZ67fOp0ocmxiOFxjN8WkAFvBqh1EHQLNDQXyMpJldSEMb4WFnNavcgeQ9tACpXMwOXzMg==",
      "license": "MIT",
      "dependencies": {
        "@minecraft/common": "^1.0.0",
        "@minecraft/server": "^1.8.0"
      }
    },
    "node_modules/@minecraft/vanilla-data": {
      "version": "1.21.50-preview.29",
      "resolved": "https://registry.npmjs.org/@minecraft/vanilla-data/-/vanilla-data-1.21.50-preview.29.tgz",
      "integrity": "sha512-UhKKCDOPAEb8j/Kkou277649qRfWz6S6aK3xZry5WA39RxKguz+wgNle5mp9+tXhG4+gXkDZUi+Sp4rkQ/xrLQ==",
      "license": "MIT",
      "peer": true
    }
  }
}
