{
  
"name": "examples",
  
"lockfileVersion": 3,
  
"requires": true,
  
"packages": {
  
  
"": {
  
  
  
"dependencies": {
  
  
  
  
"@minecraft/server": "^1.9.0-beta.1.20.60-preview.24",
  
  
  
  
"@minecraft/server-gametest": "^1.0.0-beta.1.20.60-preview.24",
  
  
  
  
"@minecraft/server-ui": "^1.2.0-beta.1.20.60-preview.24"
  
  
  
}
  
  
},
  
  
"node_modules/@minecraft/common": {
  
  
  
"version": "1.1.0",
  
  
  
"resolved": "https://registry.npmjs.org/@minecraft/common/-/common-1.1.0.tgz",
  
  
  
"integrity": "sha512-stbUtINCXbcLNRlGNVX68xRC6ZYq3k3CYmfptwrCcPBEUjVOpVkSj3H4Y0qiSYB+1rVWv7DgiP7Uf9++50Ne5g=="
  
  
},
  
  
"node_modules/@minecraft/server": {
  
  
  
"version": "1.9.0-beta.1.20.60-preview.24",
  
  
  
"resolved": "https://registry.npmjs.org/@minecraft/server/-/server-1.9.0-beta.1.20.60-preview.24.tgz",
  
  
  
"integrity": "sha512-xm9zDbExiqIQPY19blBfQA11IHuphRb7P2WTjc2ohiAqY5J0bLNOzkasL3spvFGBldHaNfQ1aXbXw+V9Rz7ahw==",
  
  
  
"dependencies": {
  
  
  
  
"@minecraft/common": "^1.1.0"
  
  
  
}
  
  
},
  
  
"node_modules/@minecraft/server-gametest": {
  
  
  
"version": "1.0.0-beta.1.20.60-preview.24",
  
  
  
"resolved": "https://registry.npmjs.org/@minecraft/server-gametest/-/server-gametest-1.0.0-beta.1.20.60-preview.24.tgz",
  
  
  
"integrity": "sha512-xeaz47xXFa1IaMt19QWI5aHEXKOCkn0eMaYiAClWO6sEg3rjOMVYJcs66cO4+yYFCg7+QFTO6nRibibd6s1tsg==",
  
  
  
"dependencies": {
  
  
  
  
"@minecraft/common": "^1.0.0",
  
  
  
  
"@minecraft/server": "^1.8.0-rc.1.20.60-preview.24"
  
  
  
}
  
  
},
  
  
"node_modules/@minecraft/server-gametest/node_modules/@minecraft/server": {
  
  
  
"version": "1.8.0-rc.1.20.60-preview.24",
  
  
  
"resolved": "https://registry.npmjs.org/@minecraft/server/-/server-1.8.0-rc.1.20.60-preview.24.tgz",
  
  
  
"integrity": "sha512-YWBBTgnjG8J2y7vZ13MdB4/3yuh7Kq5tjwag83xZImEmV79z4I9H8ipQpk6SU4F7Vz/M2U2MYBsBkjC6YBDJRQ==",
  
  
  
"dependencies": {
  
  
  
  
"@minecraft/common": "^1.1.0"
  
  
  
}
  
  
},
  
  
"node_modules/@minecraft/server-ui": {
  
  
  
"version": "1.2.0-beta.1.20.60-preview.24",
  
  
  
"resolved": "https://registry.npmjs.org/@minecraft/server-ui/-/server-ui-1.2.0-beta.1.20.60-preview.24.tgz",
  
  
  
"integrity": "sha512-GrS0mWt3VnmFHaLYiaVIFIiezKbCx0CgyvxG26xzubCw2IfaajMrhMiO5iqMV/+03iE+FJegGsVBMp6yL5BMng==",
  
  
  
"dependencies": {
  
  
  
  
"@minecraft/common": "^1.0.0",
  
  
  
  
"@minecraft/server": "^1.8.0-rc.1.20.60-preview.24"
  
  
  
}
  
  
},
  
  
"node_modules/@minecraft/server-ui/node_modules/@minecraft/server": {
  
  
  
"version": "1.8.0-rc.1.20.60-preview.24",
  
  
  
"resolved": "https://registry.npmjs.org/@minecraft/server/-/server-1.8.0-rc.1.20.60-preview.24.tgz",
  
  
  
"integrity": "sha512-YWBBTgnjG8J2y7vZ13MdB4/3yuh7Kq5tjwag83xZImEmV79z4I9H8ipQpk6SU4F7Vz/M2U2MYBsBkjC6YBDJRQ==",
  
  
  
"dependencies": {
  
  
  
  
"@minecraft/common": "^1.1.0"
  
  
  
}
  
  
}
  
}
}
