{
  "name": "examples",
  "lockfileVersion": 3,
  "requires": true,
  "packages": {
    "": {
      "dependencies": {
        "@minecraft/debug-utilities": "beta",
        "@minecraft/math": "latest",
        "@minecraft/server-gametest": "beta",
        "@minecraft/server-ui": "beta"
      }
    },
    "node_modules/@minecraft/common": {
      "version": "1.2.0",
      "resolved": "https://registry.npmjs.org/@minecraft/common/-/common-1.2.0.tgz",
      "integrity": "sha512-JdmEq4P3Z/FtoBzhLijFgMSVFnFRrUoLwY8DHHrgtFo0mfLTOLTB1RErYjLMsA6b7BGVNxkX/pfFRiH7QZ0XwQ==",
      "license": "MIT"
    },
    "node_modules/@minecraft/debug-utilities": {
      "version": "1.0.0-beta.1.21.90-preview.21",
      "resolved": "https://registry.npmjs.org/@minecraft/debug-utilities/-/debug-utilities-1.0.0-beta.1.21.90-preview.21.tgz",
      "integrity": "sha512-JAQ7nMECbw2VaCTHQuhufGDIvgFkrqbzmQ865NRbtYe/DaQVYq9vc7w944woCMy0FuiYs562mbNMfIHDhFFfaw==",
      "license": "MIT",
      "dependencies": {
        "@minecraft/common": "^1.0.0",
        "@minecraft/server": "^1.17.0 || ^2.0.0-rc.1.21.90-preview.21"
      }
    },
    "node_modules/@minecraft/math": {
      "version": "2.2.4",
      "resolved": "https://registry.npmjs.org/@minecraft/math/-/math-2.2.4.tgz",
      "integrity": "sha512-keq7ulqd7CvmLcTjDTZ2jYBjIbpZuNez+AgQzBLMwfyimLHhcMBq0gQmJqvVRA58QLxnfS02jDXHG0DJ+cToWw==",
      "license": "MIT",
      "peerDependencies": {
        "@minecraft/server": "^1.15.0"
      }
    },
    "node_modules/@minecraft/server": {
      "version": "2.1.0-beta.1.21.80-preview.22",
      "resolved": "https://registry.npmjs.org/@minecraft/server/-/server-2.1.0-beta.1.21.80-preview.22.tgz",
      "integrity": "sha512-3qaQr1Jg2PmTa1eSvraM3WxqCgk37uYoJdGxzx7qrG/8t+DAcvdQre987KXWEvxZraLCaU5VOcKHy691NKPDrA==",
      "license": "MIT",
      "dependencies": {
        "@minecraft/common": "^1.1.0"
      },
      "peerDependencies": {
        "@minecraft/vanilla-data": ">=1.20.70"
      }
    },
    "node_modules/@minecraft/server-gametest": {
      "version": "1.0.0-beta.1.21.90-preview.21",
      "resolved": "https://registry.npmjs.org/@minecraft/server-gametest/-/server-gametest-1.0.0-beta.1.21.90-preview.21.tgz",
      "integrity": "sha512-0qdl6I7kT2pQ+kOETRXC0wHpzZ4NK4qUZ/UrEtQhGT8rv5egQE98KXQVwNZ9rgxGwKpxkBK+SJdsr83AiyXduA==",
      "license": "MIT",
      "dependencies": {
        "@minecraft/common": "^1.0.0",
        "@minecraft/server": "^1.17.0 || ^2.0.0-rc.1.21.90-preview.21"
      }
    },
    "node_modules/@minecraft/server-ui": {
      "version": "2.1.0-beta.1.21.80-preview.22",
      "resolved": "https://registry.npmjs.org/@minecraft/server-ui/-/server-ui-2.1.0-beta.1.21.80-preview.22.tgz",
      "integrity": "sha512-Ef6vfYyw25GXeydznxqiPdAgQLsY1ReQnrF8Z93RmY0e9Tvv42muklsSveGMs76FvDVDvxZUSZrvlNq0tDDGyw==",
      "license": "MIT",
      "dependencies": {
        "@minecraft/common": "^1.0.0",
        "@minecraft/server": "^2.0.0-rc.1.21.80-preview.22"
      }
    },
    "node_modules/@minecraft/vanilla-data": {
      "version": "1.21.90-preview.22",
      "resolved": "https://registry.npmjs.org/@minecraft/vanilla-data/-/vanilla-data-1.21.90-preview.22.tgz",
      "integrity": "sha512-yAH8QiBBLwHpUNrf/lDdZP1iOwdTAfX3CN5F5SjrWiCJwDkr8AbYi+t+OSkGEDgg+OrOS6KGeHiS9xWdaQQ14A==",
      "license": "MIT",
      "peer": true
    }
  }
}
